
Microsoft Visual Studio Solution File, Format Version 12.00
# Visual Studio 2012
Project("{FAE04EC0-301F-11D3-BF4B-00C04F79EFBC}") = "MonoDevelop.Paket", "MonoDevelop.Paket\MonoDevelop.Paket.csproj", "{C7D9FBBE-CDB8-444E-842D-156616A6031D}"
EndProject
Global
	GlobalSection(SolutionConfigurationPlatforms) = preSolution
		Debug|Any CPU = Debug|Any CPU
		Release|Any CPU = Release|Any CPU
	EndGlobalSection
	GlobalSection(ProjectConfigurationPlatforms) = postSolution
		{C7D9FBBE-CDB8-444E-842D-156616A6031D}.Debug|Any CPU.ActiveCfg = Debug|Any CPU
		{C7D9FBBE-CDB8-444E-842D-156616A6031D}.Debug|Any CPU.Build.0 = Debug|Any CPU
		{C7D9FBBE-CDB8-444E-842D-156616A6031D}.Release|Any CPU.ActiveCfg = Release|Any CPU
		{C7D9FBBE-CDB8-444E-842D-156616A6031D}.Release|Any CPU.Build.0 = Release|Any CPU
	EndGlobalSection
EndGlobal
